
Microsoft Visual Studio Solution File, Format Version 12.00
# Visual Studio Version 16
VisualStudioVersion = 16.0.29728.190
MinimumVisualStudioVersion = 10.0.40219.1
Project("{9A19103F-16F7-4668-BE54-9A1E7A4F7556}") = "TablayoutPlugin", "TablayoutPlugin\TablayoutPlugin.csproj", "{BCBF7EBF-7488-4F60-A6FB-34A5009489C9}"
EndProject
Project("{FAE04EC0-301F-11D3-BF4B-00C04F79EFBC}") = "TestApp.Android", "TestApp\TestApp.Android\TestApp.Android.csproj", "{5EB5C28D-683C-42A1-9ED8-1FC4197FB613}"
EndProject
Project("{FAE04EC0-301F-11D3-BF4B-00C04F79EFBC}") = "TestApp.iOS", "TestApp\TestApp.iOS\TestApp.iOS.csproj", "{49B9719D-A46E-4DA4-8269-7BB0E347355A}"
EndProject
Project("{FAE04EC0-301F-11D3-BF4B-00C04F79EFBC}") = "TestApp", "TestApp\TestApp\TestApp.csproj", "{03F89EBE-65FE-4300-B267-3FBE1CBC127C}"
EndProject
Global
	GlobalSection(SolutionConfigurationPlatforms) = preSolution
		Debug|Any CPU = Debug|Any CPU
		Debug|iPhone = Debug|iPhone
		Debug|iPhoneSimulator = Debug|iPhoneSimulator
		Release|Any CPU = Release|Any CPU
		Release|iPhone = Release|iPhone
		Release|iPhoneSimulator = Release|iPhoneSimulator
	EndGlobalSection
	GlobalSection(ProjectConfigurationPlatforms) = postSolution
		{BCBF7EBF-7488-4F60-A6FB-34A5009489C9}.Debug|Any CPU.ActiveCfg = Debug|Any CPU
		{BCBF7EBF-7488-4F60-A6FB-34A5009489C9}.Debug|Any CPU.Build.0 = Debug|Any CPU
		{BCBF7EBF-7488-4F60-A6FB-34A5009489C9}.Debug|iPhone.ActiveCfg = Debug|Any CPU
		{BCBF7EBF-7488-4F60-A6FB-34A5009489C9}.Debug|iPhone.Build.0 = Debug|Any CPU
		{BCBF7EBF-7488-4F60-A6FB-34A5009489C9}.Debug|iPhoneSimulator.ActiveCfg = Debug|Any CPU
		{BCBF7EBF-7488-4F60-A6FB-34A5009489C9}.Debug|iPhoneSimulator.Build.0 = Debug|Any CPU
		{BCBF7EBF-7488-4F60-A6FB-34A5009489C9}.Release|Any CPU.ActiveCfg = Release|Any CPU
		{BCBF7EBF-7488-4F60-A6FB-34A5009489C9}.Release|Any CPU.Build.0 = Release|Any CPU
		{BCBF7EBF-7488-4F60-A6FB-34A5009489C9}.Release|iPhone.ActiveCfg = Release|Any CPU
		{BCBF7EBF-7488-4F60-A6FB-34A5009489C9}.Release|iPhone.Build.0 = Release|Any CPU
		{BCBF7EBF-7488-4F60-A6FB-34A5009489C9}.Release|iPhoneSimulator.ActiveCfg = Release|Any CPU
		{BCBF7EBF-7488-4F60-A6FB-34A5009489C9}.Release|iPhoneSimulator.Build.0 = Release|Any CPU
		{5EB5C28D-683C-42A1-9ED8-1FC4197FB613}.Debug|Any CPU.ActiveCfg = Debug|Any CPU
		{5EB5C28D-683C-42A1-9ED8-1FC4197FB613}.Debug|Any CPU.Build.0 = Debug|Any CPU
		{5EB5C28D-683C-42A1-9ED8-1FC4197FB613}.Debug|Any CPU.Deploy.0 = Debug|Any CPU
		{5EB5C28D-683C-42A1-9ED8-1FC4197FB613}.Debug|iPhone.ActiveCfg = Debug|Any CPU
		{5EB5C28D-683C-42A1-9ED8-1FC4197FB613}.Debug|iPhone.Build.0 = Debug|Any CPU
		{5EB5C28D-683C-42A1-9ED8-1FC4197FB613}.Debug|iPhone.Deploy.0 = Debug|Any CPU
		{5EB5C28D-683C-42A1-9ED8-1FC4197FB613}.Debug|iPhoneSimulator.ActiveCfg = Debug|Any CPU
		{5EB5C28D-683C-42A1-9ED8-1FC4197FB613}.Debug|iPhoneSimulator.Build.0 = Debug|Any CPU
		{5EB5C28D-683C-42A1-9ED8-1FC4197FB613}.Debug|iPhoneSimulator.Deploy.0 = Debug|Any CPU
		{5EB5C28D-683C-42A1-9ED8-1FC4197FB613}.Release|Any CPU.ActiveCfg = Release|Any CPU
		{5EB5C28D-683C-42A1-9ED8-1FC4197FB613}.Release|Any CPU.Build.0 = Release|Any CPU
		{5EB5C28D-683C-42A1-9ED8-1FC4197FB613}.Release|Any CPU.Deploy.0 = Release|Any CPU
		{5EB5C28D-683C-42A1-9ED8-1FC4197FB613}.Release|iPhone.ActiveCfg = Release|Any CPU
		{5EB5C28D-683C-42A1-9ED8-1FC4197FB613}.Release|iPhone.Build.0 = Release|Any CPU
		{5EB5C28D-683C-42A1-9ED8-1FC4197FB613}.Release|iPhone.Deploy.0 = Release|Any CPU
		{5EB5C28D-683C-42A1-9ED8-1FC4197FB613}.Release|iPhoneSimulator.ActiveCfg = Release|Any CPU
		{5EB5C28D-683C-42A1-9ED8-1FC4197FB613}.Release|iPhoneSimulator.Build.0 = Release|Any CPU
		{5EB5C28D-683C-42A1-9ED8-1FC4197FB613}.Release|iPhoneSimulator.Deploy.0 = Release|Any CPU
		{49B9719D-A46E-4DA4-8269-7BB0E347355A}.Debug|Any CPU.ActiveCfg = Debug|iPhone
		{49B9719D-A46E-4DA4-8269-7BB0E347355A}.Debug|iPhone.ActiveCfg = Debug|iPhone
		{49B9719D-A46E-4DA4-8269-7BB0E347355A}.Debug|iPhone.Build.0 = Debug|iPhone
		{49B9719D-A46E-4DA4-8269-7BB0E347355A}.Debug|iPhoneSimulator.ActiveCfg = Debug|iPhoneSimulator
		{49B9719D-A46E-4DA4-8269-7BB0E347355A}.Debug|iPhoneSimulator.Build.0 = Debug|iPhoneSimulator
		{49B9719D-A46E-4DA4-8269-7BB0E347355A}.Release|Any CPU.ActiveCfg = Release|iPhone
		{49B9719D-A46E-4DA4-8269-7BB0E347355A}.Release|iPhone.ActiveCfg = Release|iPhone
		{49B9719D-A46E-4DA4-8269-7BB0E347355A}.Release|iPhone.Build.0 = Release|iPhone
		{49B9719D-A46E-4DA4-8269-7BB0E347355A}.Release|iPhoneSimulator.ActiveCfg = Release|iPhoneSimulator
		{49B9719D-A46E-4DA4-8269-7BB0E347355A}.Release|iPhoneSimulator.Build.0 = Release|iPhoneSimulator
		{03F89EBE-65FE-4300-B267-3FBE1CBC127C}.Debug|Any CPU.ActiveCfg = Debug|Any CPU
		{03F89EBE-65FE-4300-B267-3FBE1CBC127C}.Debug|Any CPU.Build.0 = Debug|Any CPU
		{03F89EBE-65FE-4300-B267-3FBE1CBC127C}.Debug|iPhone.ActiveCfg = Debug|Any CPU
		{03F89EBE-65FE-4300-B267-3FBE1CBC127C}.Debug|iPhone.Build.0 = Debug|Any CPU
		{03F89EBE-65FE-4300-B267-3FBE1CBC127C}.Debug|iPhoneSimulator.ActiveCfg = Debug|Any CPU
		{03F89EBE-65FE-4300-B267-3FBE1CBC127C}.Debug|iPhoneSimulator.Build.0 = Debug|Any CPU
		{03F89EBE-65FE-4300-B267-3FBE1CBC127C}.Release|Any CPU.ActiveCfg = Release|Any CPU
		{03F89EBE-65FE-4300-B267-3FBE1CBC127C}.Release|Any CPU.Build.0 = Release|Any CPU
		{03F89EBE-65FE-4300-B267-3FBE1CBC127C}.Release|iPhone.ActiveCfg = Release|Any CPU
		{03F89EBE-65FE-4300-B267-3FBE1CBC127C}.Release|iPhone.Build.0 = Release|Any CPU
		{03F89EBE-65FE-4300-B267-3FBE1CBC127C}.Release|iPhoneSimulator.ActiveCfg = Release|Any CPU
		{03F89EBE-65FE-4300-B267-3FBE1CBC127C}.Release|iPhoneSimulator.Build.0 = Release|Any CPU
	EndGlobalSection
	GlobalSection(SolutionProperties) = preSolution
		HideSolutionNode = FALSE
	EndGlobalSection
	GlobalSection(ExtensibilityGlobals) = postSolution
		SolutionGuid = {F7E2C5D8-34D1-48C5-AAEC-E1893965DDE3}
	EndGlobalSection
EndGlobal
