
Microsoft Visual Studio Solution File, Format Version 12.00
# Visual Studio Version 16
VisualStudioVersion = 16.0.29728.190
MinimumVisualStudioVersion = 10.0.40219.1
Project("{9A19103F-16F7-4668-BE54-9A1E7A4F7556}") = "TablayoutPlugin", "TablayoutPlugin\TablayoutPlugin.csproj", "{BCBF7EBF-7488-4F60-A6FB-34A5009489C9}"
EndProject
Project("{FAE04EC0-301F-11D3-BF4B-00C04F79EFBC}") = "TestApp.Android", "TestApp\TestApp.Android\TestApp.Android.csproj", "{442C4F4B-373D-4B06-AD2D-4DF317272E76}"
EndProject
Project("{FAE04EC0-301F-11D3-BF4B-00C04F79EFBC}") = "TestApp.iOS", "TestApp\TestApp.iOS\TestApp.iOS.csproj", "{47BF7521-98FA-402C-A189-F23CBB0867CE}"
EndProject
Project("{FAE04EC0-301F-11D3-BF4B-00C04F79EFBC}") = "TestApp", "TestApp\TestApp\TestApp.csproj", "{9090F9DC-86BE-4755-9EC0-04093A237A81}"
EndProject
Global
	GlobalSection(SolutionConfigurationPlatforms) = preSolution
		Debug|Any CPU = Debug|Any CPU
		Debug|iPhone = Debug|iPhone
		Debug|iPhoneSimulator = Debug|iPhoneSimulator
		Release|Any CPU = Release|Any CPU
		Release|iPhone = Release|iPhone
		Release|iPhoneSimulator = Release|iPhoneSimulator
	EndGlobalSection
	GlobalSection(ProjectConfigurationPlatforms) = postSolution
		{BCBF7EBF-7488-4F60-A6FB-34A5009489C9}.Debug|Any CPU.ActiveCfg = Debug|Any CPU
		{BCBF7EBF-7488-4F60-A6FB-34A5009489C9}.Debug|Any CPU.Build.0 = Debug|Any CPU
		{BCBF7EBF-7488-4F60-A6FB-34A5009489C9}.Debug|iPhone.ActiveCfg = Debug|Any CPU
		{BCBF7EBF-7488-4F60-A6FB-34A5009489C9}.Debug|iPhone.Build.0 = Debug|Any CPU
		{BCBF7EBF-7488-4F60-A6FB-34A5009489C9}.Debug|iPhoneSimulator.ActiveCfg = Debug|Any CPU
		{BCBF7EBF-7488-4F60-A6FB-34A5009489C9}.Debug|iPhoneSimulator.Build.0 = Debug|Any CPU
		{BCBF7EBF-7488-4F60-A6FB-34A5009489C9}.Release|Any CPU.ActiveCfg = Release|Any CPU
		{BCBF7EBF-7488-4F60-A6FB-34A5009489C9}.Release|Any CPU.Build.0 = Release|Any CPU
		{BCBF7EBF-7488-4F60-A6FB-34A5009489C9}.Release|iPhone.ActiveCfg = Release|Any CPU
		{BCBF7EBF-7488-4F60-A6FB-34A5009489C9}.Release|iPhone.Build.0 = Release|Any CPU
		{BCBF7EBF-7488-4F60-A6FB-34A5009489C9}.Release|iPhoneSimulator.ActiveCfg = Release|Any CPU
		{BCBF7EBF-7488-4F60-A6FB-34A5009489C9}.Release|iPhoneSimulator.Build.0 = Release|Any CPU
		{442C4F4B-373D-4B06-AD2D-4DF317272E76}.Debug|Any CPU.ActiveCfg = Debug|Any CPU
		{442C4F4B-373D-4B06-AD2D-4DF317272E76}.Debug|Any CPU.Build.0 = Debug|Any CPU
		{442C4F4B-373D-4B06-AD2D-4DF317272E76}.Debug|Any CPU.Deploy.0 = Debug|Any CPU
		{442C4F4B-373D-4B06-AD2D-4DF317272E76}.Debug|iPhone.ActiveCfg = Debug|Any CPU
		{442C4F4B-373D-4B06-AD2D-4DF317272E76}.Debug|iPhone.Build.0 = Debug|Any CPU
		{442C4F4B-373D-4B06-AD2D-4DF317272E76}.Debug|iPhone.Deploy.0 = Debug|Any CPU
		{442C4F4B-373D-4B06-AD2D-4DF317272E76}.Debug|iPhoneSimulator.ActiveCfg = Debug|Any CPU
		{442C4F4B-373D-4B06-AD2D-4DF317272E76}.Debug|iPhoneSimulator.Build.0 = Debug|Any CPU
		{442C4F4B-373D-4B06-AD2D-4DF317272E76}.Debug|iPhoneSimulator.Deploy.0 = Debug|Any CPU
		{442C4F4B-373D-4B06-AD2D-4DF317272E76}.Release|Any CPU.ActiveCfg = Release|Any CPU
		{442C4F4B-373D-4B06-AD2D-4DF317272E76}.Release|Any CPU.Build.0 = Release|Any CPU
		{442C4F4B-373D-4B06-AD2D-4DF317272E76}.Release|Any CPU.Deploy.0 = Release|Any CPU
		{442C4F4B-373D-4B06-AD2D-4DF317272E76}.Release|iPhone.ActiveCfg = Release|Any CPU
		{442C4F4B-373D-4B06-AD2D-4DF317272E76}.Release|iPhone.Build.0 = Release|Any CPU
		{442C4F4B-373D-4B06-AD2D-4DF317272E76}.Release|iPhone.Deploy.0 = Release|Any CPU
		{442C4F4B-373D-4B06-AD2D-4DF317272E76}.Release|iPhoneSimulator.ActiveCfg = Release|Any CPU
		{442C4F4B-373D-4B06-AD2D-4DF317272E76}.Release|iPhoneSimulator.Build.0 = Release|Any CPU
		{442C4F4B-373D-4B06-AD2D-4DF317272E76}.Release|iPhoneSimulator.Deploy.0 = Release|Any CPU
		{47BF7521-98FA-402C-A189-F23CBB0867CE}.Debug|Any CPU.ActiveCfg = Debug|iPhone
		{47BF7521-98FA-402C-A189-F23CBB0867CE}.Debug|iPhone.ActiveCfg = Debug|iPhone
		{47BF7521-98FA-402C-A189-F23CBB0867CE}.Debug|iPhone.Build.0 = Debug|iPhone
		{47BF7521-98FA-402C-A189-F23CBB0867CE}.Debug|iPhoneSimulator.ActiveCfg = Debug|iPhoneSimulator
		{47BF7521-98FA-402C-A189-F23CBB0867CE}.Debug|iPhoneSimulator.Build.0 = Debug|iPhoneSimulator
		{47BF7521-98FA-402C-A189-F23CBB0867CE}.Release|Any CPU.ActiveCfg = Release|iPhone
		{47BF7521-98FA-402C-A189-F23CBB0867CE}.Release|iPhone.ActiveCfg = Release|iPhone
		{47BF7521-98FA-402C-A189-F23CBB0867CE}.Release|iPhone.Build.0 = Release|iPhone
		{47BF7521-98FA-402C-A189-F23CBB0867CE}.Release|iPhoneSimulator.ActiveCfg = Release|iPhoneSimulator
		{47BF7521-98FA-402C-A189-F23CBB0867CE}.Release|iPhoneSimulator.Build.0 = Release|iPhoneSimulator
		{9090F9DC-86BE-4755-9EC0-04093A237A81}.Debug|Any CPU.ActiveCfg = Debug|Any CPU
		{9090F9DC-86BE-4755-9EC0-04093A237A81}.Debug|Any CPU.Build.0 = Debug|Any CPU
		{9090F9DC-86BE-4755-9EC0-04093A237A81}.Debug|iPhone.ActiveCfg = Debug|Any CPU
		{9090F9DC-86BE-4755-9EC0-04093A237A81}.Debug|iPhone.Build.0 = Debug|Any CPU
		{9090F9DC-86BE-4755-9EC0-04093A237A81}.Debug|iPhoneSimulator.ActiveCfg = Debug|Any CPU
		{9090F9DC-86BE-4755-9EC0-04093A237A81}.Debug|iPhoneSimulator.Build.0 = Debug|Any CPU
		{9090F9DC-86BE-4755-9EC0-04093A237A81}.Release|Any CPU.ActiveCfg = Release|Any CPU
		{9090F9DC-86BE-4755-9EC0-04093A237A81}.Release|Any CPU.Build.0 = Release|Any CPU
		{9090F9DC-86BE-4755-9EC0-04093A237A81}.Release|iPhone.ActiveCfg = Release|Any CPU
		{9090F9DC-86BE-4755-9EC0-04093A237A81}.Release|iPhone.Build.0 = Release|Any CPU
		{9090F9DC-86BE-4755-9EC0-04093A237A81}.Release|iPhoneSimulator.ActiveCfg = Release|Any CPU
		{9090F9DC-86BE-4755-9EC0-04093A237A81}.Release|iPhoneSimulator.Build.0 = Release|Any CPU
	EndGlobalSection
	GlobalSection(SolutionProperties) = preSolution
		HideSolutionNode = FALSE
	EndGlobalSection
	GlobalSection(ExtensibilityGlobals) = postSolution
		SolutionGuid = {F7E2C5D8-34D1-48C5-AAEC-E1893965DDE3}
	EndGlobalSection
EndGlobal
